
Microsoft Visual Studio Solution File, Format Version 12.00
# Visual Studio Version 17
VisualStudioVersion = 17.6.33815.320
MinimumVisualStudioVersion = 10.0.40219.1
Project("{FAE04EC0-301F-11D3-BF4B-00C04F79EFBC}") = "adminpanel", "adminpanel.csproj", "{81F908C6-B325-494F-88DC-5DCC40E613A1}"
EndProject
Global
	GlobalSection(SolutionConfigurationPlatforms) = preSolution
		Debug|Any CPU = Debug|Any CPU
		Release|Any CPU = Release|Any CPU
	EndGlobalSection
	GlobalSection(ProjectConfigurationPlatforms) = postSolution
		{81F908C6-B325-494F-88DC-5DCC40E613A1}.Debug|Any CPU.ActiveCfg = Debug|Any CPU
		{81F908C6-B325-494F-88DC-5DCC40E613A1}.Debug|Any CPU.Build.0 = Debug|Any CPU
		{81F908C6-B325-494F-88DC-5DCC40E613A1}.Release|Any CPU.ActiveCfg = Release|Any CPU
		{81F908C6-B325-494F-88DC-5DCC40E613A1}.Release|Any CPU.Build.0 = Release|Any CPU
	EndGlobalSection
	GlobalSection(SolutionProperties) = preSolution
		HideSolutionNode = FALSE
	EndGlobalSection
	GlobalSection(ExtensibilityGlobals) = postSolution
		SolutionGuid = {4AAC4BCE-C25E-4762-996D-6A8438AF3758}
	EndGlobalSection
EndGlobal
